
Microsoft Visual Studio Solution File, Format Version 10.00
# Visual Studio 2008
Project("{FAE04EC0-301F-11D3-BF4B-00C04F79EFBC}") = "Stock_System", "Stock_System\Stock_System.csproj", "{FFCB9618-F9F1-4660-BE00-C888E8AB6DA2}"
EndProject
Project("{54435603-DBB4-11D2-8724-00A0C9A8B90C}") = "Inventory Brother", "..\..\..\..\..\..\YAKCLICK Products\Setups & Publish\InventoryBrother\InventoryBrother Production V01\Inventory Brother\Inventory Brother.vdproj", "{853DC7BD-5495-43C8-B231-93A32C51367F}"
EndProject
Global
	GlobalSection(SolutionConfigurationPlatforms) = preSolution
		Debug|Any CPU = Debug|Any CPU
		Release|Any CPU = Release|Any CPU
	EndGlobalSection
	GlobalSection(ProjectConfigurationPlatforms) = postSolution
		{FFCB9618-F9F1-4660-BE00-C888E8AB6DA2}.Debug|Any CPU.ActiveCfg = Debug|Any CPU
		{FFCB9618-F9F1-4660-BE00-C888E8AB6DA2}.Debug|Any CPU.Build.0 = Debug|Any CPU
		{FFCB9618-F9F1-4660-BE00-C888E8AB6DA2}.Release|Any CPU.ActiveCfg = Release|Any CPU
		{FFCB9618-F9F1-4660-BE00-C888E8AB6DA2}.Release|Any CPU.Build.0 = Release|Any CPU
		{853DC7BD-5495-43C8-B231-93A32C51367F}.Debug|Any CPU.ActiveCfg = Debug
		{853DC7BD-5495-43C8-B231-93A32C51367F}.Release|Any CPU.ActiveCfg = Release
	EndGlobalSection
	GlobalSection(SolutionProperties) = preSolution
		HideSolutionNode = FALSE
	EndGlobalSection
EndGlobal
